
Microsoft Visual Studio Solution File, Format Version 11.00
# Visual Studio 2010
Project("{8BC9CEB8-8B4A-11D0-8D11-00A0C91BC942}") = "cairo-1.10", "cairo-1.10\cairo.vcxproj", "{8138BE58-5504-4F58-A7C8-BD05E8636192}"
EndProject
Project("{8BC9CEB8-8B4A-11D0-8D11-00A0C91BC942}") = "libpng", "libpng\projects\visualc71\libpng.vcxproj", "{4B88E8EF-E18E-4D17-A804-74A3802764A5}"
EndProject
Project("{8BC9CEB8-8B4A-11D0-8D11-00A0C91BC942}") = "pixman-0.21.6", "pixman-0.21.6\pixman.vcxproj", "{4583C918-AD1B-4FFE-B80A-845F4E385A09}"
EndProject
Project("{8BC9CEB8-8B4A-11D0-8D11-00A0C91BC942}") = "zlib", "zlib\projects\visualc71\zlib.vcxproj", "{71088238-128E-4835-8E4B-4C88B83F1D15}"
EndProject
Global
	GlobalSection(SolutionConfigurationPlatforms) = preSolution
		Debug|Win32 = Debug|Win32
		DLL ASM Debug|Win32 = DLL ASM Debug|Win32
		DLL ASM Release|Win32 = DLL ASM Release|Win32
		DLL Debug|Win32 = DLL Debug|Win32
		DLL Release|Win32 = DLL Release|Win32
		DLL VB|Win32 = DLL VB|Win32
		LIB ASM Debug|Win32 = LIB ASM Debug|Win32
		LIB ASM Release|Win32 = LIB ASM Release|Win32
		LIB Debug|Win32 = LIB Debug|Win32
		LIB Release|Win32 = LIB Release|Win32
		Release|Win32 = Release|Win32
	EndGlobalSection
	GlobalSection(ProjectConfigurationPlatforms) = postSolution
		{8138BE58-5504-4F58-A7C8-BD05E8636192}.Debug|Win32.ActiveCfg = Debug|Win32
		{8138BE58-5504-4F58-A7C8-BD05E8636192}.Debug|Win32.Build.0 = Debug|Win32
		{8138BE58-5504-4F58-A7C8-BD05E8636192}.DLL ASM Debug|Win32.ActiveCfg = Debug|Win32
		{8138BE58-5504-4F58-A7C8-BD05E8636192}.DLL ASM Debug|Win32.Build.0 = Debug|Win32
		{8138BE58-5504-4F58-A7C8-BD05E8636192}.DLL ASM Release|Win32.ActiveCfg = Release|Win32
		{8138BE58-5504-4F58-A7C8-BD05E8636192}.DLL ASM Release|Win32.Build.0 = Release|Win32
		{8138BE58-5504-4F58-A7C8-BD05E8636192}.DLL Debug|Win32.ActiveCfg = Debug|Win32
		{8138BE58-5504-4F58-A7C8-BD05E8636192}.DLL Debug|Win32.Build.0 = Debug|Win32
		{8138BE58-5504-4F58-A7C8-BD05E8636192}.DLL Release|Win32.ActiveCfg = Release|Win32
		{8138BE58-5504-4F58-A7C8-BD05E8636192}.DLL Release|Win32.Build.0 = Release|Win32
		{8138BE58-5504-4F58-A7C8-BD05E8636192}.DLL VB|Win32.ActiveCfg = Debug|Win32
		{8138BE58-5504-4F58-A7C8-BD05E8636192}.DLL VB|Win32.Build.0 = Debug|Win32
		{8138BE58-5504-4F58-A7C8-BD05E8636192}.LIB ASM Debug|Win32.ActiveCfg = Debug|Win32
		{8138BE58-5504-4F58-A7C8-BD05E8636192}.LIB ASM Debug|Win32.Build.0 = Debug|Win32
		{8138BE58-5504-4F58-A7C8-BD05E8636192}.LIB ASM Release|Win32.ActiveCfg = Release|Win32
		{8138BE58-5504-4F58-A7C8-BD05E8636192}.LIB ASM Release|Win32.Build.0 = Release|Win32
		{8138BE58-5504-4F58-A7C8-BD05E8636192}.LIB Debug|Win32.ActiveCfg = Debug|Win32
		{8138BE58-5504-4F58-A7C8-BD05E8636192}.LIB Debug|Win32.Build.0 = Debug|Win32
		{8138BE58-5504-4F58-A7C8-BD05E8636192}.LIB Release|Win32.ActiveCfg = Release|Win32
		{8138BE58-5504-4F58-A7C8-BD05E8636192}.LIB Release|Win32.Build.0 = Release|Win32
		{8138BE58-5504-4F58-A7C8-BD05E8636192}.Release|Win32.ActiveCfg = Release|Win32
		{8138BE58-5504-4F58-A7C8-BD05E8636192}.Release|Win32.Build.0 = Release|Win32
		{4B88E8EF-E18E-4D17-A804-74A3802764A5}.Debug|Win32.ActiveCfg = LIB Debug|Win32
		{4B88E8EF-E18E-4D17-A804-74A3802764A5}.Debug|Win32.Build.0 = LIB Debug|Win32
		{4B88E8EF-E18E-4D17-A804-74A3802764A5}.DLL ASM Debug|Win32.ActiveCfg = DLL ASM Debug|Win32
		{4B88E8EF-E18E-4D17-A804-74A3802764A5}.DLL ASM Debug|Win32.Build.0 = DLL ASM Debug|Win32
		{4B88E8EF-E18E-4D17-A804-74A3802764A5}.DLL ASM Release|Win32.ActiveCfg = DLL ASM Release|Win32
		{4B88E8EF-E18E-4D17-A804-74A3802764A5}.DLL ASM Release|Win32.Build.0 = DLL ASM Release|Win32
		{4B88E8EF-E18E-4D17-A804-74A3802764A5}.DLL Debug|Win32.ActiveCfg = DLL Debug|Win32
		{4B88E8EF-E18E-4D17-A804-74A3802764A5}.DLL Debug|Win32.Build.0 = DLL Debug|Win32
		{4B88E8EF-E18E-4D17-A804-74A3802764A5}.DLL Release|Win32.ActiveCfg = DLL Release|Win32
		{4B88E8EF-E18E-4D17-A804-74A3802764A5}.DLL Release|Win32.Build.0 = DLL Release|Win32
		{4B88E8EF-E18E-4D17-A804-74A3802764A5}.DLL VB|Win32.ActiveCfg = DLL VB|Win32
		{4B88E8EF-E18E-4D17-A804-74A3802764A5}.DLL VB|Win32.Build.0 = DLL VB|Win32
		{4B88E8EF-E18E-4D17-A804-74A3802764A5}.LIB ASM Debug|Win32.ActiveCfg = LIB ASM Debug|Win32
		{4B88E8EF-E18E-4D17-A804-74A3802764A5}.LIB ASM Debug|Win32.Build.0 = LIB ASM Debug|Win32
		{4B88E8EF-E18E-4D17-A804-74A3802764A5}.LIB ASM Release|Win32.ActiveCfg = LIB ASM Release|Win32
		{4B88E8EF-E18E-4D17-A804-74A3802764A5}.LIB ASM Release|Win32.Build.0 = LIB ASM Release|Win32
		{4B88E8EF-E18E-4D17-A804-74A3802764A5}.LIB Debug|Win32.ActiveCfg = LIB Debug|Win32
		{4B88E8EF-E18E-4D17-A804-74A3802764A5}.LIB Debug|Win32.Build.0 = LIB Debug|Win32
		{4B88E8EF-E18E-4D17-A804-74A3802764A5}.LIB Release|Win32.ActiveCfg = LIB Release|Win32
		{4B88E8EF-E18E-4D17-A804-74A3802764A5}.LIB Release|Win32.Build.0 = LIB Release|Win32
		{4B88E8EF-E18E-4D17-A804-74A3802764A5}.Release|Win32.ActiveCfg = LIB Release|Win32
		{4B88E8EF-E18E-4D17-A804-74A3802764A5}.Release|Win32.Build.0 = LIB Release|Win32
		{4583C918-AD1B-4FFE-B80A-845F4E385A09}.Debug|Win32.ActiveCfg = Debug|Win32
		{4583C918-AD1B-4FFE-B80A-845F4E385A09}.Debug|Win32.Build.0 = Debug|Win32
		{4583C918-AD1B-4FFE-B80A-845F4E385A09}.DLL ASM Debug|Win32.ActiveCfg = Debug|Win32
		{4583C918-AD1B-4FFE-B80A-845F4E385A09}.DLL ASM Debug|Win32.Build.0 = Debug|Win32
		{4583C918-AD1B-4FFE-B80A-845F4E385A09}.DLL ASM Release|Win32.ActiveCfg = Release|Win32
		{4583C918-AD1B-4FFE-B80A-845F4E385A09}.DLL ASM Release|Win32.Build.0 = Release|Win32
		{4583C918-AD1B-4FFE-B80A-845F4E385A09}.DLL Debug|Win32.ActiveCfg = Debug|Win32
		{4583C918-AD1B-4FFE-B80A-845F4E385A09}.DLL Debug|Win32.Build.0 = Debug|Win32
		{4583C918-AD1B-4FFE-B80A-845F4E385A09}.DLL Release|Win32.ActiveCfg = Release|Win32
		{4583C918-AD1B-4FFE-B80A-845F4E385A09}.DLL Release|Win32.Build.0 = Release|Win32
		{4583C918-AD1B-4FFE-B80A-845F4E385A09}.DLL VB|Win32.ActiveCfg = Debug|Win32
		{4583C918-AD1B-4FFE-B80A-845F4E385A09}.DLL VB|Win32.Build.0 = Debug|Win32
		{4583C918-AD1B-4FFE-B80A-845F4E385A09}.LIB ASM Debug|Win32.ActiveCfg = Debug|Win32
		{4583C918-AD1B-4FFE-B80A-845F4E385A09}.LIB ASM Debug|Win32.Build.0 = Debug|Win32
		{4583C918-AD1B-4FFE-B80A-845F4E385A09}.LIB ASM Release|Win32.ActiveCfg = Release|Win32
		{4583C918-AD1B-4FFE-B80A-845F4E385A09}.LIB ASM Release|Win32.Build.0 = Release|Win32
		{4583C918-AD1B-4FFE-B80A-845F4E385A09}.LIB Debug|Win32.ActiveCfg = Debug|Win32
		{4583C918-AD1B-4FFE-B80A-845F4E385A09}.LIB Debug|Win32.Build.0 = Debug|Win32
		{4583C918-AD1B-4FFE-B80A-845F4E385A09}.LIB Release|Win32.ActiveCfg = Release|Win32
		{4583C918-AD1B-4FFE-B80A-845F4E385A09}.LIB Release|Win32.Build.0 = Release|Win32
		{4583C918-AD1B-4FFE-B80A-845F4E385A09}.Release|Win32.ActiveCfg = Release|Win32
		{4583C918-AD1B-4FFE-B80A-845F4E385A09}.Release|Win32.Build.0 = Release|Win32
		{71088238-128E-4835-8E4B-4C88B83F1D15}.Debug|Win32.ActiveCfg = LIB Debug|Win32
		{71088238-128E-4835-8E4B-4C88B83F1D15}.Debug|Win32.Build.0 = LIB Debug|Win32
		{71088238-128E-4835-8E4B-4C88B83F1D15}.DLL ASM Debug|Win32.ActiveCfg = DLL ASM Debug|Win32
		{71088238-128E-4835-8E4B-4C88B83F1D15}.DLL ASM Debug|Win32.Build.0 = DLL ASM Debug|Win32
		{71088238-128E-4835-8E4B-4C88B83F1D15}.DLL ASM Release|Win32.ActiveCfg = DLL ASM Release|Win32
		{71088238-128E-4835-8E4B-4C88B83F1D15}.DLL ASM Release|Win32.Build.0 = DLL ASM Release|Win32
		{71088238-128E-4835-8E4B-4C88B83F1D15}.DLL Debug|Win32.ActiveCfg = DLL Debug|Win32
		{71088238-128E-4835-8E4B-4C88B83F1D15}.DLL Debug|Win32.Build.0 = DLL Debug|Win32
		{71088238-128E-4835-8E4B-4C88B83F1D15}.DLL Release|Win32.ActiveCfg = DLL Release|Win32
		{71088238-128E-4835-8E4B-4C88B83F1D15}.DLL Release|Win32.Build.0 = DLL Release|Win32
		{71088238-128E-4835-8E4B-4C88B83F1D15}.DLL VB|Win32.ActiveCfg = DLL Release|Win32
		{71088238-128E-4835-8E4B-4C88B83F1D15}.DLL VB|Win32.Build.0 = DLL Release|Win32
		{71088238-128E-4835-8E4B-4C88B83F1D15}.LIB ASM Debug|Win32.ActiveCfg = LIB ASM Debug|Win32
		{71088238-128E-4835-8E4B-4C88B83F1D15}.LIB ASM Debug|Win32.Build.0 = LIB ASM Debug|Win32
		{71088238-128E-4835-8E4B-4C88B83F1D15}.LIB ASM Release|Win32.ActiveCfg = LIB ASM Release|Win32
		{71088238-128E-4835-8E4B-4C88B83F1D15}.LIB ASM Release|Win32.Build.0 = LIB ASM Release|Win32
		{71088238-128E-4835-8E4B-4C88B83F1D15}.LIB Debug|Win32.ActiveCfg = LIB Debug|Win32
		{71088238-128E-4835-8E4B-4C88B83F1D15}.LIB Debug|Win32.Build.0 = LIB Debug|Win32
		{71088238-128E-4835-8E4B-4C88B83F1D15}.LIB Release|Win32.ActiveCfg = LIB Release|Win32
		{71088238-128E-4835-8E4B-4C88B83F1D15}.LIB Release|Win32.Build.0 = LIB Release|Win32
		{71088238-128E-4835-8E4B-4C88B83F1D15}.Release|Win32.ActiveCfg = LIB Release|Win32
		{71088238-128E-4835-8E4B-4C88B83F1D15}.Release|Win32.Build.0 = LIB Release|Win32
	EndGlobalSection
	GlobalSection(SolutionProperties) = preSolution
		HideSolutionNode = FALSE
	EndGlobalSection
EndGlobal
