Microsoft Visual Studio Solution File, Format Version 10.00
# Visual Studio 2008
Project("{8BC9CEB8-8B4A-11D0-8D11-00A0C91BC942}") = "libmscgen", "libmscgen\libmscgen.vcproj", "{B412BADD-A6EB-4B7B-9D16-9633E65CB1FB}"
	ProjectSection(ProjectDependencies) = postProject
		{4583C918-AD1B-4FFE-B80A-845F4E385A09} = {4583C918-AD1B-4FFE-B80A-845F4E385A09}
		{71088238-128E-4835-8E4B-4C88B83F1D15} = {71088238-128E-4835-8E4B-4C88B83F1D15}
		{8138BE58-5504-4F58-A7C8-BD05E8636192} = {8138BE58-5504-4F58-A7C8-BD05E8636192}
		{4B88E8EF-E18E-4D17-A804-74A3802764A5} = {4B88E8EF-E18E-4D17-A804-74A3802764A5}
	EndProjectSection
EndProject
Project("{8BC9CEB8-8B4A-11D0-8D11-00A0C91BC942}") = "zlib", "zlib\projects\visualc71\zlib.vcproj", "{71088238-128E-4835-8E4B-4C88B83F1D15}"
EndProject
Project("{8BC9CEB8-8B4A-11D0-8D11-00A0C91BC942}") = "libpng", "libpng\projects\visualc71\libpng.vcproj", "{4B88E8EF-E18E-4D17-A804-74A3802764A5}"
	ProjectSection(ProjectDependencies) = postProject
		{71088238-128E-4835-8E4B-4C88B83F1D15} = {71088238-128E-4835-8E4B-4C88B83F1D15}
	EndProjectSection
EndProject
Project("{8BC9CEB8-8B4A-11D0-8D11-00A0C91BC942}") = "cairo", "cairo\cairo.vcproj", "{8138BE58-5504-4F58-A7C8-BD05E8636192}"
	ProjectSection(ProjectDependencies) = postProject
		{4583C918-AD1B-4FFE-B80A-845F4E385A09} = {4583C918-AD1B-4FFE-B80A-845F4E385A09}
		{71088238-128E-4835-8E4B-4C88B83F1D15} = {71088238-128E-4835-8E4B-4C88B83F1D15}
		{4B88E8EF-E18E-4D17-A804-74A3802764A5} = {4B88E8EF-E18E-4D17-A804-74A3802764A5}
	EndProjectSection
EndProject
Project("{8BC9CEB8-8B4A-11D0-8D11-00A0C91BC942}") = "pixman", "pixman\pixman.vcproj", "{4583C918-AD1B-4FFE-B80A-845F4E385A09}"
	ProjectSection(ProjectDependencies) = postProject
		{71088238-128E-4835-8E4B-4C88B83F1D15} = {71088238-128E-4835-8E4B-4C88B83F1D15}
		{4B88E8EF-E18E-4D17-A804-74A3802764A5} = {4B88E8EF-E18E-4D17-A804-74A3802764A5}
	EndProjectSection
EndProject
Project("{54435603-DBB4-11D2-8724-00A0C9A8B90C}") = "Msc-generator-Setup", "MscGen2-Setup\MscGen2-Setup.vdproj", "{F36B3A44-3D67-4249-A522-340D32D4FD96}"
EndProject
Project("{8BC9CEB8-8B4A-11D0-8D11-00A0C91BC942}") = "Msc-generator", "Msc-generator\Msc-generator.vcproj", "{7ECF6BC4-E6EE-4E81-82FE-68115D657F3F}"
	ProjectSection(ProjectDependencies) = postProject
		{B412BADD-A6EB-4B7B-9D16-9633E65CB1FB} = {B412BADD-A6EB-4B7B-9D16-9633E65CB1FB}
	EndProjectSection
EndProject
Global
	GlobalSection(SolutionConfigurationPlatforms) = preSolution
		Debug|Win32 = Debug|Win32
		Release|Win32 = Release|Win32
	EndGlobalSection
	GlobalSection(ProjectConfigurationPlatforms) = postSolution
		{B412BADD-A6EB-4B7B-9D16-9633E65CB1FB}.Debug|Win32.ActiveCfg = Debug|Win32
		{B412BADD-A6EB-4B7B-9D16-9633E65CB1FB}.Debug|Win32.Build.0 = Debug|Win32
		{B412BADD-A6EB-4B7B-9D16-9633E65CB1FB}.DLL ASM Debug|Win32.ActiveCfg = Debug|Win32
		{B412BADD-A6EB-4B7B-9D16-9633E65CB1FB}.DLL ASM Debug|Win32.Build.0 = Debug|Win32
		{B412BADD-A6EB-4B7B-9D16-9633E65CB1FB}.DLL ASM Release|Win32.ActiveCfg = Release|Win32
		{B412BADD-A6EB-4B7B-9D16-9633E65CB1FB}.DLL ASM Release|Win32.Build.0 = Release|Win32
		{B412BADD-A6EB-4B7B-9D16-9633E65CB1FB}.DLL Debug|Win32.ActiveCfg = Debug|Win32
		{B412BADD-A6EB-4B7B-9D16-9633E65CB1FB}.DLL Debug|Win32.Build.0 = Debug|Win32
		{B412BADD-A6EB-4B7B-9D16-9633E65CB1FB}.DLL Release|Win32.ActiveCfg = Release|Win32
		{B412BADD-A6EB-4B7B-9D16-9633E65CB1FB}.DLL Release|Win32.Build.0 = Release|Win32
		{B412BADD-A6EB-4B7B-9D16-9633E65CB1FB}.DLL VB|Win32.ActiveCfg = Debug|Win32
		{B412BADD-A6EB-4B7B-9D16-9633E65CB1FB}.DLL VB|Win32.Build.0 = Debug|Win32
		{B412BADD-A6EB-4B7B-9D16-9633E65CB1FB}.LIB ASM Debug|Win32.ActiveCfg = Debug|Win32
		{B412BADD-A6EB-4B7B-9D16-9633E65CB1FB}.LIB ASM Debug|Win32.Build.0 = Debug|Win32
		{B412BADD-A6EB-4B7B-9D16-9633E65CB1FB}.LIB ASM Release|Win32.ActiveCfg = Release|Win32
		{B412BADD-A6EB-4B7B-9D16-9633E65CB1FB}.LIB ASM Release|Win32.Build.0 = Release|Win32
		{B412BADD-A6EB-4B7B-9D16-9633E65CB1FB}.LIB Debug|Win32.ActiveCfg = Debug|Win32
		{B412BADD-A6EB-4B7B-9D16-9633E65CB1FB}.LIB Debug|Win32.Build.0 = Debug|Win32
		{B412BADD-A6EB-4B7B-9D16-9633E65CB1FB}.LIB Release|Win32.ActiveCfg = Release|Win32
		{B412BADD-A6EB-4B7B-9D16-9633E65CB1FB}.LIB Release|Win32.Build.0 = Release|Win32
		{B412BADD-A6EB-4B7B-9D16-9633E65CB1FB}.MyRelease|Win32.ActiveCfg = MyRelease|Win32
		{B412BADD-A6EB-4B7B-9D16-9633E65CB1FB}.MyRelease|Win32.Build.0 = MyRelease|Win32
		{B412BADD-A6EB-4B7B-9D16-9633E65CB1FB}.Release|Win32.ActiveCfg = Release|Win32
		{B412BADD-A6EB-4B7B-9D16-9633E65CB1FB}.Release|Win32.Build.0 = Release|Win32
		{71088238-128E-4835-8E4B-4C88B83F1D15}.Debug|Win32.ActiveCfg = LIB Debug|Win32
		{71088238-128E-4835-8E4B-4C88B83F1D15}.Debug|Win32.Build.0 = LIB Debug|Win32
		{71088238-128E-4835-8E4B-4C88B83F1D15}.DLL ASM Debug|Win32.ActiveCfg = DLL ASM Debug|Win32
		{71088238-128E-4835-8E4B-4C88B83F1D15}.DLL ASM Debug|Win32.Build.0 = DLL ASM Debug|Win32
		{71088238-128E-4835-8E4B-4C88B83F1D15}.DLL ASM Release|Win32.ActiveCfg = DLL ASM Release|Win32
		{71088238-128E-4835-8E4B-4C88B83F1D15}.DLL ASM Release|Win32.Build.0 = DLL ASM Release|Win32
		{71088238-128E-4835-8E4B-4C88B83F1D15}.DLL Debug|Win32.ActiveCfg = DLL Debug|Win32
		{71088238-128E-4835-8E4B-4C88B83F1D15}.DLL Debug|Win32.Build.0 = DLL Debug|Win32
		{71088238-128E-4835-8E4B-4C88B83F1D15}.DLL Release|Win32.ActiveCfg = DLL Release|Win32
		{71088238-128E-4835-8E4B-4C88B83F1D15}.DLL Release|Win32.Build.0 = DLL Release|Win32
		{71088238-128E-4835-8E4B-4C88B83F1D15}.DLL VB|Win32.ActiveCfg = DLL ASM Debug|Win32
		{71088238-128E-4835-8E4B-4C88B83F1D15}.DLL VB|Win32.Build.0 = DLL ASM Debug|Win32
		{71088238-128E-4835-8E4B-4C88B83F1D15}.LIB ASM Debug|Win32.ActiveCfg = LIB ASM Debug|Win32
		{71088238-128E-4835-8E4B-4C88B83F1D15}.LIB ASM Debug|Win32.Build.0 = LIB ASM Debug|Win32
		{71088238-128E-4835-8E4B-4C88B83F1D15}.LIB ASM Release|Win32.ActiveCfg = LIB ASM Release|Win32
		{71088238-128E-4835-8E4B-4C88B83F1D15}.LIB ASM Release|Win32.Build.0 = LIB ASM Release|Win32
		{71088238-128E-4835-8E4B-4C88B83F1D15}.LIB Debug|Win32.ActiveCfg = LIB Debug|Win32
		{71088238-128E-4835-8E4B-4C88B83F1D15}.LIB Debug|Win32.Build.0 = LIB Debug|Win32
		{71088238-128E-4835-8E4B-4C88B83F1D15}.LIB Release|Win32.ActiveCfg = LIB Release|Win32
		{71088238-128E-4835-8E4B-4C88B83F1D15}.LIB Release|Win32.Build.0 = LIB Release|Win32
		{71088238-128E-4835-8E4B-4C88B83F1D15}.MyRelease|Win32.ActiveCfg = LIB ASM Debug|Win32
		{71088238-128E-4835-8E4B-4C88B83F1D15}.MyRelease|Win32.Build.0 = LIB ASM Debug|Win32
		{71088238-128E-4835-8E4B-4C88B83F1D15}.Release|Win32.ActiveCfg = LIB Release|Win32
		{71088238-128E-4835-8E4B-4C88B83F1D15}.Release|Win32.Build.0 = LIB Release|Win32
		{4B88E8EF-E18E-4D17-A804-74A3802764A5}.Debug|Win32.ActiveCfg = LIB Debug|Win32
		{4B88E8EF-E18E-4D17-A804-74A3802764A5}.Debug|Win32.Build.0 = LIB Debug|Win32
		{4B88E8EF-E18E-4D17-A804-74A3802764A5}.DLL ASM Debug|Win32.ActiveCfg = DLL ASM Debug|Win32
		{4B88E8EF-E18E-4D17-A804-74A3802764A5}.DLL ASM Debug|Win32.Build.0 = DLL ASM Debug|Win32
		{4B88E8EF-E18E-4D17-A804-74A3802764A5}.DLL ASM Release|Win32.ActiveCfg = DLL ASM Release|Win32
		{4B88E8EF-E18E-4D17-A804-74A3802764A5}.DLL ASM Release|Win32.Build.0 = DLL ASM Release|Win32
		{4B88E8EF-E18E-4D17-A804-74A3802764A5}.DLL Debug|Win32.ActiveCfg = DLL Debug|Win32
		{4B88E8EF-E18E-4D17-A804-74A3802764A5}.DLL Debug|Win32.Build.0 = DLL Debug|Win32
		{4B88E8EF-E18E-4D17-A804-74A3802764A5}.DLL Release|Win32.ActiveCfg = DLL Release|Win32
		{4B88E8EF-E18E-4D17-A804-74A3802764A5}.DLL Release|Win32.Build.0 = DLL Release|Win32
		{4B88E8EF-E18E-4D17-A804-74A3802764A5}.DLL VB|Win32.ActiveCfg = DLL VB|Win32
		{4B88E8EF-E18E-4D17-A804-74A3802764A5}.DLL VB|Win32.Build.0 = DLL VB|Win32
		{4B88E8EF-E18E-4D17-A804-74A3802764A5}.LIB ASM Debug|Win32.ActiveCfg = LIB ASM Debug|Win32
		{4B88E8EF-E18E-4D17-A804-74A3802764A5}.LIB ASM Debug|Win32.Build.0 = LIB ASM Debug|Win32
		{4B88E8EF-E18E-4D17-A804-74A3802764A5}.LIB ASM Release|Win32.ActiveCfg = LIB ASM Release|Win32
		{4B88E8EF-E18E-4D17-A804-74A3802764A5}.LIB ASM Release|Win32.Build.0 = LIB ASM Release|Win32
		{4B88E8EF-E18E-4D17-A804-74A3802764A5}.LIB Debug|Win32.ActiveCfg = LIB Debug|Win32
		{4B88E8EF-E18E-4D17-A804-74A3802764A5}.LIB Debug|Win32.Build.0 = LIB Debug|Win32
		{4B88E8EF-E18E-4D17-A804-74A3802764A5}.LIB Release|Win32.ActiveCfg = LIB Release|Win32
		{4B88E8EF-E18E-4D17-A804-74A3802764A5}.LIB Release|Win32.Build.0 = LIB Release|Win32
		{4B88E8EF-E18E-4D17-A804-74A3802764A5}.MyRelease|Win32.ActiveCfg = LIB ASM Debug|Win32
		{4B88E8EF-E18E-4D17-A804-74A3802764A5}.MyRelease|Win32.Build.0 = LIB ASM Debug|Win32
		{4B88E8EF-E18E-4D17-A804-74A3802764A5}.Release|Win32.ActiveCfg = LIB Release|Win32
		{4B88E8EF-E18E-4D17-A804-74A3802764A5}.Release|Win32.Build.0 = LIB Release|Win32
		{8138BE58-5504-4F58-A7C8-BD05E8636192}.Debug|Win32.ActiveCfg = Debug|Win32
		{8138BE58-5504-4F58-A7C8-BD05E8636192}.Debug|Win32.Build.0 = Debug|Win32
		{8138BE58-5504-4F58-A7C8-BD05E8636192}.DLL ASM Debug|Win32.ActiveCfg = Debug|Win32
		{8138BE58-5504-4F58-A7C8-BD05E8636192}.DLL ASM Debug|Win32.Build.0 = Debug|Win32
		{8138BE58-5504-4F58-A7C8-BD05E8636192}.DLL ASM Release|Win32.ActiveCfg = Release|Win32
		{8138BE58-5504-4F58-A7C8-BD05E8636192}.DLL ASM Release|Win32.Build.0 = Release|Win32
		{8138BE58-5504-4F58-A7C8-BD05E8636192}.DLL Debug|Win32.ActiveCfg = Debug|Win32
		{8138BE58-5504-4F58-A7C8-BD05E8636192}.DLL Debug|Win32.Build.0 = Debug|Win32
		{8138BE58-5504-4F58-A7C8-BD05E8636192}.DLL Release|Win32.ActiveCfg = Release|Win32
		{8138BE58-5504-4F58-A7C8-BD05E8636192}.DLL Release|Win32.Build.0 = Release|Win32
		{8138BE58-5504-4F58-A7C8-BD05E8636192}.DLL VB|Win32.ActiveCfg = Debug|Win32
		{8138BE58-5504-4F58-A7C8-BD05E8636192}.DLL VB|Win32.Build.0 = Debug|Win32
		{8138BE58-5504-4F58-A7C8-BD05E8636192}.LIB ASM Debug|Win32.ActiveCfg = Debug|Win32
		{8138BE58-5504-4F58-A7C8-BD05E8636192}.LIB ASM Debug|Win32.Build.0 = Debug|Win32
		{8138BE58-5504-4F58-A7C8-BD05E8636192}.LIB ASM Release|Win32.ActiveCfg = Release|Win32
		{8138BE58-5504-4F58-A7C8-BD05E8636192}.LIB ASM Release|Win32.Build.0 = Release|Win32
		{8138BE58-5504-4F58-A7C8-BD05E8636192}.LIB Debug|Win32.ActiveCfg = Debug|Win32
		{8138BE58-5504-4F58-A7C8-BD05E8636192}.LIB Debug|Win32.Build.0 = Debug|Win32
		{8138BE58-5504-4F58-A7C8-BD05E8636192}.LIB Release|Win32.ActiveCfg = Release|Win32
		{8138BE58-5504-4F58-A7C8-BD05E8636192}.LIB Release|Win32.Build.0 = Release|Win32
		{8138BE58-5504-4F58-A7C8-BD05E8636192}.MyRelease|Win32.ActiveCfg = Release|Win32
		{8138BE58-5504-4F58-A7C8-BD05E8636192}.MyRelease|Win32.Build.0 = Release|Win32
		{8138BE58-5504-4F58-A7C8-BD05E8636192}.Release|Win32.ActiveCfg = Release|Win32
		{8138BE58-5504-4F58-A7C8-BD05E8636192}.Release|Win32.Build.0 = Release|Win32
		{4583C918-AD1B-4FFE-B80A-845F4E385A09}.Debug|Win32.ActiveCfg = Debug|Win32
		{4583C918-AD1B-4FFE-B80A-845F4E385A09}.Debug|Win32.Build.0 = Debug|Win32
		{4583C918-AD1B-4FFE-B80A-845F4E385A09}.DLL ASM Debug|Win32.ActiveCfg = Debug|Win32
		{4583C918-AD1B-4FFE-B80A-845F4E385A09}.DLL ASM Debug|Win32.Build.0 = Debug|Win32
		{4583C918-AD1B-4FFE-B80A-845F4E385A09}.DLL ASM Release|Win32.ActiveCfg = Release|Win32
		{4583C918-AD1B-4FFE-B80A-845F4E385A09}.DLL ASM Release|Win32.Build.0 = Release|Win32
		{4583C918-AD1B-4FFE-B80A-845F4E385A09}.DLL Debug|Win32.ActiveCfg = Debug|Win32
		{4583C918-AD1B-4FFE-B80A-845F4E385A09}.DLL Debug|Win32.Build.0 = Debug|Win32
		{4583C918-AD1B-4FFE-B80A-845F4E385A09}.DLL Release|Win32.ActiveCfg = Release|Win32
		{4583C918-AD1B-4FFE-B80A-845F4E385A09}.DLL Release|Win32.Build.0 = Release|Win32
		{4583C918-AD1B-4FFE-B80A-845F4E385A09}.DLL VB|Win32.ActiveCfg = Debug|Win32
		{4583C918-AD1B-4FFE-B80A-845F4E385A09}.DLL VB|Win32.Build.0 = Debug|Win32
		{4583C918-AD1B-4FFE-B80A-845F4E385A09}.LIB ASM Debug|Win32.ActiveCfg = Debug|Win32
		{4583C918-AD1B-4FFE-B80A-845F4E385A09}.LIB ASM Debug|Win32.Build.0 = Debug|Win32
		{4583C918-AD1B-4FFE-B80A-845F4E385A09}.LIB ASM Release|Win32.ActiveCfg = Release|Win32
		{4583C918-AD1B-4FFE-B80A-845F4E385A09}.LIB ASM Release|Win32.Build.0 = Release|Win32
		{4583C918-AD1B-4FFE-B80A-845F4E385A09}.LIB Debug|Win32.ActiveCfg = Debug|Win32
		{4583C918-AD1B-4FFE-B80A-845F4E385A09}.LIB Debug|Win32.Build.0 = Debug|Win32
		{4583C918-AD1B-4FFE-B80A-845F4E385A09}.LIB Release|Win32.ActiveCfg = Release|Win32
		{4583C918-AD1B-4FFE-B80A-845F4E385A09}.LIB Release|Win32.Build.0 = Release|Win32
		{4583C918-AD1B-4FFE-B80A-845F4E385A09}.MyRelease|Win32.ActiveCfg = Release|Win32
		{4583C918-AD1B-4FFE-B80A-845F4E385A09}.MyRelease|Win32.Build.0 = Release|Win32
		{4583C918-AD1B-4FFE-B80A-845F4E385A09}.Release|Win32.ActiveCfg = Release|Win32
		{4583C918-AD1B-4FFE-B80A-845F4E385A09}.Release|Win32.Build.0 = Release|Win32
		{F36B3A44-3D67-4249-A522-340D32D4FD96}.Debug|Win32.ActiveCfg = Debug
		{F36B3A44-3D67-4249-A522-340D32D4FD96}.Debug|Win32.Build.0 = Debug
		{F36B3A44-3D67-4249-A522-340D32D4FD96}.DLL ASM Debug|Win32.ActiveCfg = Debug
		{F36B3A44-3D67-4249-A522-340D32D4FD96}.DLL ASM Release|Win32.ActiveCfg = Release
		{F36B3A44-3D67-4249-A522-340D32D4FD96}.DLL Debug|Win32.ActiveCfg = Debug
		{F36B3A44-3D67-4249-A522-340D32D4FD96}.DLL Release|Win32.ActiveCfg = Release
		{F36B3A44-3D67-4249-A522-340D32D4FD96}.DLL VB|Win32.ActiveCfg = Debug
		{F36B3A44-3D67-4249-A522-340D32D4FD96}.LIB ASM Debug|Win32.ActiveCfg = Debug
		{F36B3A44-3D67-4249-A522-340D32D4FD96}.LIB ASM Release|Win32.ActiveCfg = Release
		{F36B3A44-3D67-4249-A522-340D32D4FD96}.LIB Debug|Win32.ActiveCfg = Debug
		{F36B3A44-3D67-4249-A522-340D32D4FD96}.LIB Release|Win32.ActiveCfg = Release
		{F36B3A44-3D67-4249-A522-340D32D4FD96}.MyRelease|Win32.ActiveCfg = Release
		{F36B3A44-3D67-4249-A522-340D32D4FD96}.Release|Win32.ActiveCfg = Release
		{F36B3A44-3D67-4249-A522-340D32D4FD96}.Release|Win32.Build.0 = Release
		{7ECF6BC4-E6EE-4E81-82FE-68115D657F3F}.Debug|Win32.ActiveCfg = Debug|Win32
		{7ECF6BC4-E6EE-4E81-82FE-68115D657F3F}.Debug|Win32.Build.0 = Debug|Win32
		{7ECF6BC4-E6EE-4E81-82FE-68115D657F3F}.DLL ASM Debug|Win32.ActiveCfg = Debug|Win32
		{7ECF6BC4-E6EE-4E81-82FE-68115D657F3F}.DLL ASM Debug|Win32.Build.0 = Debug|Win32
		{7ECF6BC4-E6EE-4E81-82FE-68115D657F3F}.DLL ASM Release|Win32.ActiveCfg = Release|Win32
		{7ECF6BC4-E6EE-4E81-82FE-68115D657F3F}.DLL ASM Release|Win32.Build.0 = Release|Win32
		{7ECF6BC4-E6EE-4E81-82FE-68115D657F3F}.DLL Debug|Win32.ActiveCfg = Debug|Win32
		{7ECF6BC4-E6EE-4E81-82FE-68115D657F3F}.DLL Debug|Win32.Build.0 = Debug|Win32
		{7ECF6BC4-E6EE-4E81-82FE-68115D657F3F}.DLL Release|Win32.ActiveCfg = Release|Win32
		{7ECF6BC4-E6EE-4E81-82FE-68115D657F3F}.DLL Release|Win32.Build.0 = Release|Win32
		{7ECF6BC4-E6EE-4E81-82FE-68115D657F3F}.DLL VB|Win32.ActiveCfg = Debug|Win32
		{7ECF6BC4-E6EE-4E81-82FE-68115D657F3F}.DLL VB|Win32.Build.0 = Debug|Win32
		{7ECF6BC4-E6EE-4E81-82FE-68115D657F3F}.LIB ASM Debug|Win32.ActiveCfg = Debug|Win32
		{7ECF6BC4-E6EE-4E81-82FE-68115D657F3F}.LIB ASM Debug|Win32.Build.0 = Debug|Win32
		{7ECF6BC4-E6EE-4E81-82FE-68115D657F3F}.LIB ASM Release|Win32.ActiveCfg = Release|Win32
		{7ECF6BC4-E6EE-4E81-82FE-68115D657F3F}.LIB ASM Release|Win32.Build.0 = Release|Win32
		{7ECF6BC4-E6EE-4E81-82FE-68115D657F3F}.LIB Debug|Win32.ActiveCfg = Debug|Win32
		{7ECF6BC4-E6EE-4E81-82FE-68115D657F3F}.LIB Debug|Win32.Build.0 = Debug|Win32
		{7ECF6BC4-E6EE-4E81-82FE-68115D657F3F}.LIB Release|Win32.ActiveCfg = Release|Win32
		{7ECF6BC4-E6EE-4E81-82FE-68115D657F3F}.LIB Release|Win32.Build.0 = Release|Win32
		{7ECF6BC4-E6EE-4E81-82FE-68115D657F3F}.MyRelease|Win32.ActiveCfg = Release|Win32
		{7ECF6BC4-E6EE-4E81-82FE-68115D657F3F}.MyRelease|Win32.Build.0 = Release|Win32
		{7ECF6BC4-E6EE-4E81-82FE-68115D657F3F}.Release|Win32.ActiveCfg = Release|Win32
		{7ECF6BC4-E6EE-4E81-82FE-68115D657F3F}.Release|Win32.Build.0 = Release|Win32
	EndGlobalSection
	GlobalSection(SolutionProperties) = preSolution
		HideSolutionNode = FALSE
	EndGlobalSection
EndGlobal
