<?xml version="1.0" encoding="utf-8"?>
<Project ToolsVersion="4.0" xmlns="http://schemas.microsoft.com/developer/msbuild/2003">
  <ItemGroup>
    <Filter Include="Source Files">
      <UniqueIdentifier>{4FC737F1-C7A5-4376-A066-2A32D752A2FF}</UniqueIdentifier>
      <Extensions>cpp;c;cxx;def;odl;idl;hpj;bat;asm;asmx</Extensions>
    </Filter>
    <Filter Include="Header Files">
      <UniqueIdentifier>{93995380-89BD-4b04-88EB-625FBE52EBFB}</UniqueIdentifier>
      <Extensions>h;hpp;hxx;hm;inl;inc;xsd</Extensions>
    </Filter>
    <Filter Include="Resource Files">
      <UniqueIdentifier>{67DA6AB6-F800-4c08-8B7A-83BB121AAD01}</UniqueIdentifier>
      <Extensions>rc;ico;cur;bmp;dlg;rc2;rct;bin;rgs;gif;jpg;jpeg;jpe;resx</Extensions>
    </Filter>
  </ItemGroup>
  <ItemGroup>
    <ClCompile Include="arcs.cpp">
      <Filter>Source Files</Filter>
    </ClCompile>
    <ClCompile Include="arrowhead.cpp">
      <Filter>Source Files</Filter>
    </ClCompile>
    <ClCompile Include="attribute.cpp">
      <Filter>Source Files</Filter>
    </ClCompile>
    <ClCompile Include="color.cpp">
      <Filter>Source Files</Filter>
    </ClCompile>
    <ClCompile Include="colorsyntax.cc">
      <Filter>Source Files</Filter>
    </ClCompile>
    <ClCompile Include="colorsyntax2.cc">
      <Filter>Source Files</Filter>
    </ClCompile>
    <ClCompile Include="commandline.cpp">
      <Filter>Source Files</Filter>
    </ClCompile>
    <ClCompile Include="csh.cpp">
      <Filter>Source Files</Filter>
    </ClCompile>
    <ClCompile Include="entity.cpp">
      <Filter>Source Files</Filter>
    </ClCompile>
    <ClCompile Include="error.cpp">
      <Filter>Source Files</Filter>
    </ClCompile>
    <ClCompile Include="language.cc">
      <Filter>Source Files</Filter>
    </ClCompile>
    <ClCompile Include="language2.cc">
      <Filter>Source Files</Filter>
    </ClCompile>
    <ClCompile Include="msc.cpp">
      <Filter>Source Files</Filter>
    </ClCompile>
    <ClCompile Include="mscdrawer.cpp">
      <Filter>Source Files</Filter>
    </ClCompile>
    <ClCompile Include="parse_tools.cpp">
      <Filter>Source Files</Filter>
    </ClCompile>
    <ClCompile Include="stringparse.cpp">
      <Filter>Source Files</Filter>
    </ClCompile>
    <ClCompile Include="style.cpp">
      <Filter>Source Files</Filter>
    </ClCompile>
    <ClCompile Include="numbering.cpp">
      <Filter>Source Files</Filter>
    </ClCompile>
    <ClCompile Include="contour_edge.cpp">
      <Filter>Source Files</Filter>
    </ClCompile>
    <ClCompile Include="contour_ellipse.cpp">
      <Filter>Source Files</Filter>
    </ClCompile>
    <ClCompile Include="contour_test.cpp">
      <Filter>Source Files</Filter>
    </ClCompile>
    <ClCompile Include="area.cpp">
      <Filter>Source Files</Filter>
    </ClCompile>
    <ClCompile Include="contour.cpp">
      <Filter>Source Files</Filter>
    </ClCompile>
    <ClCompile Include="contour_simple.cpp">
      <Filter>Source Files</Filter>
    </ClCompile>
    <ClCompile Include="commands.cpp">
      <Filter>Source Files</Filter>
    </ClCompile>
    <ClCompile Include="element.cpp">
      <Filter>Source Files</Filter>
    </ClCompile>
    <ClCompile Include="progress.cpp">
      <Filter>Source Files</Filter>
    </ClCompile>
    <ClCompile Include="contour_bezier.cpp">
      <Filter>Source Files</Filter>
    </ClCompile>
  </ItemGroup>
  <ItemGroup>
    <ClInclude Include="arcs.h">
      <Filter>Header Files</Filter>
    </ClInclude>
    <ClInclude Include="arrowhead.h">
      <Filter>Header Files</Filter>
    </ClInclude>
    <ClInclude Include="attribute.h">
      <Filter>Header Files</Filter>
    </ClInclude>
    <ClInclude Include="color.h">
      <Filter>Header Files</Filter>
    </ClInclude>
    <ClInclude Include="colorsyntax.h">
      <Filter>Header Files</Filter>
    </ClInclude>
    <ClInclude Include="colorsyntax2.h">
      <Filter>Header Files</Filter>
    </ClInclude>
    <ClInclude Include="commandline.h">
      <Filter>Header Files</Filter>
    </ClInclude>
    <ClInclude Include="csh.h">
      <Filter>Header Files</Filter>
    </ClInclude>
    <ClInclude Include="entity.h">
      <Filter>Header Files</Filter>
    </ClInclude>
    <ClInclude Include="error.h">
      <Filter>Header Files</Filter>
    </ClInclude>
    <ClInclude Include="language.h">
      <Filter>Header Files</Filter>
    </ClInclude>
    <ClInclude Include="language2.h">
      <Filter>Header Files</Filter>
    </ClInclude>
    <ClInclude Include="language_misc.h">
      <Filter>Header Files</Filter>
    </ClInclude>
    <ClInclude Include="msc.h">
      <Filter>Header Files</Filter>
    </ClInclude>
    <ClInclude Include="mscdrawer.h">
      <Filter>Header Files</Filter>
    </ClInclude>
    <ClInclude Include="parse_tools.h">
      <Filter>Header Files</Filter>
    </ClInclude>
    <ClInclude Include="stringparse.h">
      <Filter>Header Files</Filter>
    </ClInclude>
    <ClInclude Include="style.h">
      <Filter>Header Files</Filter>
    </ClInclude>
    <ClInclude Include="version.h">
      <Filter>Header Files</Filter>
    </ClInclude>
    <ClInclude Include="numbering.h">
      <Filter>Header Files</Filter>
    </ClInclude>
    <ClInclude Include="contour_basics.h">
      <Filter>Header Files</Filter>
    </ClInclude>
    <ClInclude Include="contour_edge.h">
      <Filter>Header Files</Filter>
    </ClInclude>
    <ClInclude Include="contour_ellipse.h">
      <Filter>Header Files</Filter>
    </ClInclude>
    <ClInclude Include="contour_test.h">
      <Filter>Header Files</Filter>
    </ClInclude>
    <ClInclude Include="area.h">
      <Filter>Header Files</Filter>
    </ClInclude>
    <ClInclude Include="contour.h">
      <Filter>Header Files</Filter>
    </ClInclude>
    <ClInclude Include="contour_simple.h">
      <Filter>Header Files</Filter>
    </ClInclude>
    <ClInclude Include="commands.h">
      <Filter>Header Files</Filter>
    </ClInclude>
    <ClInclude Include="contour_distance.h">
      <Filter>Header Files</Filter>
    </ClInclude>
    <ClInclude Include="element.h">
      <Filter>Header Files</Filter>
    </ClInclude>
    <ClInclude Include="progress.h">
      <Filter>Header Files</Filter>
    </ClInclude>
    <ClInclude Include="contour_bezier.h">
      <Filter>Header Files</Filter>
    </ClInclude>
  </ItemGroup>
  <ItemGroup>
    <None Include="ReadMe.txt" />
  </ItemGroup>
</Project>